
Microsoft Visual Studio Solution File, Format Version 12.00
# Visual Studio Version 16
VisualStudioVersion = 16.0.31624.102
MinimumVisualStudioVersion = 10.0.40219.1
Project("{8BC9CEB8-8B4A-11D0-8D11-00A0C91BC942}") = "Programmers_RecommendedNewID", "Programmers_RecommendedNewID\Programmers_RecommendedNewID.vcxproj", "{8C5685EE-1CC7-41D3-8C2A-3EE5ACE19A23}"
EndProject
Project("{8BC9CEB8-8B4A-11D0-8D11-00A0C91BC942}") = "Programmers_MovePlayer", "Programmers_MovePlayer\Programmers_MovePlayer.vcxproj", "{50C84272-C4B4-42B2-A2A6-D6A723649015}"
EndProject
Project("{8BC9CEB8-8B4A-11D0-8D11-00A0C91BC942}") = "Programmers_KNumbers", "Programmers_KNumbers\Programmers_KNumbers.vcxproj", "{147AB6C7-5C74-488C-80E2-864F36A7D518}"
EndProject
Project("{8BC9CEB8-8B4A-11D0-8D11-00A0C91BC942}") = "Programmers_Lotto", "Programmers_Lotto\Programmers_Lotto.vcxproj", "{537BB1A6-80D0-4A8A-877A-D4A611FA5202}"
EndProject
Project("{8BC9CEB8-8B4A-11D0-8D11-00A0C91BC942}") = "Programmers_NumberEng", "Programmers_NumberEng\Programmers_NumberEng.vcxproj", "{2236316B-4313-4B8B-8086-58CA67551F6C}"
EndProject
Project("{8BC9CEB8-8B4A-11D0-8D11-00A0C91BC942}") = "Programmers_KeyPad", "Programmers_KeyPad\Programmers_KeyPad.vcxproj", "{E1D115EB-D0A5-44FE-985C-5DA493FB4611}"
EndProject
Project("{8BC9CEB8-8B4A-11D0-8D11-00A0C91BC942}") = "Programmers_Crain", "Programmers_Crain\Programmers_Crain.vcxproj", "{4CD0CDEB-24FB-48CC-829F-21FB4CF475E0}"
EndProject
Project("{8BC9CEB8-8B4A-11D0-8D11-00A0C91BC942}") = "Programmers_DotProduct", "Programmers_DotProduct\Programmers_DotProduct.vcxproj", "{5574666E-1533-49B0-A9D8-F98A2AA3F784}"
EndProject
Project("{8BC9CEB8-8B4A-11D0-8D11-00A0C91BC942}") = "Programmers_MatrixPlus", "Programmers_MatrixPlus\Programmers_MatrixPlus.vcxproj", "{A306B32B-A615-4341-A44B-AB5DD3C5FFAF}"
EndProject
Project("{8BC9CEB8-8B4A-11D0-8D11-00A0C91BC942}") = "Programmers_Notexistnumber", "Programmers_Notexistnumber\Programmers_Notexistnumber.vcxproj", "{81EC2EFC-8133-42E8-A931-034756AE1839}"
EndProject
Project("{8BC9CEB8-8B4A-11D0-8D11-00A0C91BC942}") = "Programmers_UmmYang", "Programmers_UmmYang\Programmers_UmmYang.vcxproj", "{511ED82F-81BE-46C5-9B45-75AE36E82E57}"
EndProject
Project("{8BC9CEB8-8B4A-11D0-8D11-00A0C91BC942}") = "Programmers_sosu", "Programmers_sosu\Programmers_sosu.vcxproj", "{3D325EB0-EFCD-4280-BA2A-ABE637728F52}"
EndProject
Project("{2150E333-8FDC-42A3-9474-1A3956D46DE8}") = "Lv1", "Lv1", "{B050C8C0-793F-4592-8D26-FC40BA3D9462}"
EndProject
Project("{8BC9CEB8-8B4A-11D0-8D11-00A0C91BC942}") = "Programmers_StringDesc", "Programmers_StringDesc\Programmers_StringDesc.vcxproj", "{E21F4AC8-ABEE-427C-9D2A-7877110390F3}"
EndProject
Project("{8BC9CEB8-8B4A-11D0-8D11-00A0C91BC942}") = "Scatch", "Scatch\Scatch.vcxproj", "{259A1802-F0BE-4F57-A737-707EDA9950B4}"
EndProject
Project("{8BC9CEB8-8B4A-11D0-8D11-00A0C91BC942}") = "Programmers_LessPrice", "Programmers_LessPrice\Programmers_LessPrice.vcxproj", "{CC4DD659-3454-4356-9C2E-039E83C190CE}"
EndProject
Project("{2150E333-8FDC-42A3-9474-1A3956D46DE8}") = "dsalgorithmwithc++", "dsalgorithmwithc++", "{FEF27583-8085-4107-BAD2-0D43AEE10602}"
EndProject
Project("{8BC9CEB8-8B4A-11D0-8D11-00A0C91BC942}") = "01_DynamicArray", "01_DynamicArray\01_DynamicArray.vcxproj", "{24E60517-1AFA-4361-98E9-9E47B5BBF5BD}"
EndProject
Project("{8BC9CEB8-8B4A-11D0-8D11-00A0C91BC942}") = "02_TypesTemplate", "02_TypesTemplate\02_TypesTemplate.vcxproj", "{992447BA-F886-4627-87F3-85DAD3259FD1}"
EndProject
Project("{8BC9CEB8-8B4A-11D0-8D11-00A0C91BC942}") = "Programmers_SecretMap", "Programmers_SecretMap\Programmers_SecretMap.vcxproj", "{5BF49F7B-CB0F-4A5D-86C9-469DD90BCA68}"
EndProject
Project("{8BC9CEB8-8B4A-11D0-8D11-00A0C91BC942}") = "Programmer_42576", "Programmer_42576\Programmer_42576.vcxproj", "{CB49BFD1-7035-406F-AEFB-161A4C23B4CA}"
EndProject
Project("{2150E333-8FDC-42A3-9474-1A3956D46DE8}") = "Lv2", "Lv2", "{A834E401-8629-46BF-864D-B5B6ABA72603}"
EndProject
Project("{8BC9CEB8-8B4A-11D0-8D11-00A0C91BC942}") = "Programmers_42577", "Programmers_42577\Programmers_42577.vcxproj", "{A2D40BBB-7794-48A0-893B-620EFC49C98D}"
EndProject
Project("{8BC9CEB8-8B4A-11D0-8D11-00A0C91BC942}") = "Programmers_Sosu1", "Programmers_Sosu1\Programmers_Sosu1.vcxproj", "{E35A24B3-2001-4617-B2D2-C9F1D4962F80}"
EndProject
Global
	GlobalSection(SolutionConfigurationPlatforms) = preSolution
		Debug|x64 = Debug|x64
		Debug|x86 = Debug|x86
		Release|x64 = Release|x64
		Release|x86 = Release|x86
	EndGlobalSection
	GlobalSection(ProjectConfigurationPlatforms) = postSolution
		{8C5685EE-1CC7-41D3-8C2A-3EE5ACE19A23}.Debug|x64.ActiveCfg = Debug|x64
		{8C5685EE-1CC7-41D3-8C2A-3EE5ACE19A23}.Debug|x64.Build.0 = Debug|x64
		{8C5685EE-1CC7-41D3-8C2A-3EE5ACE19A23}.Debug|x86.ActiveCfg = Debug|Win32
		{8C5685EE-1CC7-41D3-8C2A-3EE5ACE19A23}.Debug|x86.Build.0 = Debug|Win32
		{8C5685EE-1CC7-41D3-8C2A-3EE5ACE19A23}.Release|x64.ActiveCfg = Release|x64
		{8C5685EE-1CC7-41D3-8C2A-3EE5ACE19A23}.Release|x64.Build.0 = Release|x64
		{8C5685EE-1CC7-41D3-8C2A-3EE5ACE19A23}.Release|x86.ActiveCfg = Release|Win32
		{8C5685EE-1CC7-41D3-8C2A-3EE5ACE19A23}.Release|x86.Build.0 = Release|Win32
		{50C84272-C4B4-42B2-A2A6-D6A723649015}.Debug|x64.ActiveCfg = Debug|x64
		{50C84272-C4B4-42B2-A2A6-D6A723649015}.Debug|x64.Build.0 = Debug|x64
		{50C84272-C4B4-42B2-A2A6-D6A723649015}.Debug|x86.ActiveCfg = Debug|Win32
		{50C84272-C4B4-42B2-A2A6-D6A723649015}.Debug|x86.Build.0 = Debug|Win32
		{50C84272-C4B4-42B2-A2A6-D6A723649015}.Release|x64.ActiveCfg = Release|x64
		{50C84272-C4B4-42B2-A2A6-D6A723649015}.Release|x64.Build.0 = Release|x64
		{50C84272-C4B4-42B2-A2A6-D6A723649015}.Release|x86.ActiveCfg = Release|Win32
		{50C84272-C4B4-42B2-A2A6-D6A723649015}.Release|x86.Build.0 = Release|Win32
		{147AB6C7-5C74-488C-80E2-864F36A7D518}.Debug|x64.ActiveCfg = Debug|x64
		{147AB6C7-5C74-488C-80E2-864F36A7D518}.Debug|x64.Build.0 = Debug|x64
		{147AB6C7-5C74-488C-80E2-864F36A7D518}.Debug|x86.ActiveCfg = Debug|Win32
		{147AB6C7-5C74-488C-80E2-864F36A7D518}.Debug|x86.Build.0 = Debug|Win32
		{147AB6C7-5C74-488C-80E2-864F36A7D518}.Release|x64.ActiveCfg = Release|x64
		{147AB6C7-5C74-488C-80E2-864F36A7D518}.Release|x64.Build.0 = Release|x64
		{147AB6C7-5C74-488C-80E2-864F36A7D518}.Release|x86.ActiveCfg = Release|Win32
		{147AB6C7-5C74-488C-80E2-864F36A7D518}.Release|x86.Build.0 = Release|Win32
		{537BB1A6-80D0-4A8A-877A-D4A611FA5202}.Debug|x64.ActiveCfg = Debug|x64
		{537BB1A6-80D0-4A8A-877A-D4A611FA5202}.Debug|x64.Build.0 = Debug|x64
		{537BB1A6-80D0-4A8A-877A-D4A611FA5202}.Debug|x86.ActiveCfg = Debug|Win32
		{537BB1A6-80D0-4A8A-877A-D4A611FA5202}.Debug|x86.Build.0 = Debug|Win32
		{537BB1A6-80D0-4A8A-877A-D4A611FA5202}.Release|x64.ActiveCfg = Release|x64
		{537BB1A6-80D0-4A8A-877A-D4A611FA5202}.Release|x64.Build.0 = Release|x64
		{537BB1A6-80D0-4A8A-877A-D4A611FA5202}.Release|x86.ActiveCfg = Release|Win32
		{537BB1A6-80D0-4A8A-877A-D4A611FA5202}.Release|x86.Build.0 = Release|Win32
		{2236316B-4313-4B8B-8086-58CA67551F6C}.Debug|x64.ActiveCfg = Debug|x64
		{2236316B-4313-4B8B-8086-58CA67551F6C}.Debug|x64.Build.0 = Debug|x64
		{2236316B-4313-4B8B-8086-58CA67551F6C}.Debug|x86.ActiveCfg = Debug|Win32
		{2236316B-4313-4B8B-8086-58CA67551F6C}.Debug|x86.Build.0 = Debug|Win32
		{2236316B-4313-4B8B-8086-58CA67551F6C}.Release|x64.ActiveCfg = Release|x64
		{2236316B-4313-4B8B-8086-58CA67551F6C}.Release|x64.Build.0 = Release|x64
		{2236316B-4313-4B8B-8086-58CA67551F6C}.Release|x86.ActiveCfg = Release|Win32
		{2236316B-4313-4B8B-8086-58CA67551F6C}.Release|x86.Build.0 = Release|Win32
		{E1D115EB-D0A5-44FE-985C-5DA493FB4611}.Debug|x64.ActiveCfg = Debug|x64
		{E1D115EB-D0A5-44FE-985C-5DA493FB4611}.Debug|x64.Build.0 = Debug|x64
		{E1D115EB-D0A5-44FE-985C-5DA493FB4611}.Debug|x86.ActiveCfg = Debug|Win32
		{E1D115EB-D0A5-44FE-985C-5DA493FB4611}.Debug|x86.Build.0 = Debug|Win32
		{E1D115EB-D0A5-44FE-985C-5DA493FB4611}.Release|x64.ActiveCfg = Release|x64
		{E1D115EB-D0A5-44FE-985C-5DA493FB4611}.Release|x64.Build.0 = Release|x64
		{E1D115EB-D0A5-44FE-985C-5DA493FB4611}.Release|x86.ActiveCfg = Release|Win32
		{E1D115EB-D0A5-44FE-985C-5DA493FB4611}.Release|x86.Build.0 = Release|Win32
		{4CD0CDEB-24FB-48CC-829F-21FB4CF475E0}.Debug|x64.ActiveCfg = Debug|x64
		{4CD0CDEB-24FB-48CC-829F-21FB4CF475E0}.Debug|x64.Build.0 = Debug|x64
		{4CD0CDEB-24FB-48CC-829F-21FB4CF475E0}.Debug|x86.ActiveCfg = Debug|Win32
		{4CD0CDEB-24FB-48CC-829F-21FB4CF475E0}.Debug|x86.Build.0 = Debug|Win32
		{4CD0CDEB-24FB-48CC-829F-21FB4CF475E0}.Release|x64.ActiveCfg = Release|x64
		{4CD0CDEB-24FB-48CC-829F-21FB4CF475E0}.Release|x64.Build.0 = Release|x64
		{4CD0CDEB-24FB-48CC-829F-21FB4CF475E0}.Release|x86.ActiveCfg = Release|Win32
		{4CD0CDEB-24FB-48CC-829F-21FB4CF475E0}.Release|x86.Build.0 = Release|Win32
		{5574666E-1533-49B0-A9D8-F98A2AA3F784}.Debug|x64.ActiveCfg = Debug|x64
		{5574666E-1533-49B0-A9D8-F98A2AA3F784}.Debug|x64.Build.0 = Debug|x64
		{5574666E-1533-49B0-A9D8-F98A2AA3F784}.Debug|x86.ActiveCfg = Debug|Win32
		{5574666E-1533-49B0-A9D8-F98A2AA3F784}.Debug|x86.Build.0 = Debug|Win32
		{5574666E-1533-49B0-A9D8-F98A2AA3F784}.Release|x64.ActiveCfg = Release|x64
		{5574666E-1533-49B0-A9D8-F98A2AA3F784}.Release|x64.Build.0 = Release|x64
		{5574666E-1533-49B0-A9D8-F98A2AA3F784}.Release|x86.ActiveCfg = Release|Win32
		{5574666E-1533-49B0-A9D8-F98A2AA3F784}.Release|x86.Build.0 = Release|Win32
		{A306B32B-A615-4341-A44B-AB5DD3C5FFAF}.Debug|x64.ActiveCfg = Debug|x64
		{A306B32B-A615-4341-A44B-AB5DD3C5FFAF}.Debug|x64.Build.0 = Debug|x64
		{A306B32B-A615-4341-A44B-AB5DD3C5FFAF}.Debug|x86.ActiveCfg = Debug|Win32
		{A306B32B-A615-4341-A44B-AB5DD3C5FFAF}.Debug|x86.Build.0 = Debug|Win32
		{A306B32B-A615-4341-A44B-AB5DD3C5FFAF}.Release|x64.ActiveCfg = Release|x64
		{A306B32B-A615-4341-A44B-AB5DD3C5FFAF}.Release|x64.Build.0 = Release|x64
		{A306B32B-A615-4341-A44B-AB5DD3C5FFAF}.Release|x86.ActiveCfg = Release|Win32
		{A306B32B-A615-4341-A44B-AB5DD3C5FFAF}.Release|x86.Build.0 = Release|Win32
		{81EC2EFC-8133-42E8-A931-034756AE1839}.Debug|x64.ActiveCfg = Debug|x64
		{81EC2EFC-8133-42E8-A931-034756AE1839}.Debug|x64.Build.0 = Debug|x64
		{81EC2EFC-8133-42E8-A931-034756AE1839}.Debug|x86.ActiveCfg = Debug|Win32
		{81EC2EFC-8133-42E8-A931-034756AE1839}.Debug|x86.Build.0 = Debug|Win32
		{81EC2EFC-8133-42E8-A931-034756AE1839}.Release|x64.ActiveCfg = Release|x64
		{81EC2EFC-8133-42E8-A931-034756AE1839}.Release|x64.Build.0 = Release|x64
		{81EC2EFC-8133-42E8-A931-034756AE1839}.Release|x86.ActiveCfg = Release|Win32
		{81EC2EFC-8133-42E8-A931-034756AE1839}.Release|x86.Build.0 = Release|Win32
		{511ED82F-81BE-46C5-9B45-75AE36E82E57}.Debug|x64.ActiveCfg = Debug|x64
		{511ED82F-81BE-46C5-9B45-75AE36E82E57}.Debug|x64.Build.0 = Debug|x64
		{511ED82F-81BE-46C5-9B45-75AE36E82E57}.Debug|x86.ActiveCfg = Debug|Win32
		{511ED82F-81BE-46C5-9B45-75AE36E82E57}.Debug|x86.Build.0 = Debug|Win32
		{511ED82F-81BE-46C5-9B45-75AE36E82E57}.Release|x64.ActiveCfg = Release|x64
		{511ED82F-81BE-46C5-9B45-75AE36E82E57}.Release|x64.Build.0 = Release|x64
		{511ED82F-81BE-46C5-9B45-75AE36E82E57}.Release|x86.ActiveCfg = Release|Win32
		{511ED82F-81BE-46C5-9B45-75AE36E82E57}.Release|x86.Build.0 = Release|Win32
		{3D325EB0-EFCD-4280-BA2A-ABE637728F52}.Debug|x64.ActiveCfg = Debug|x64
		{3D325EB0-EFCD-4280-BA2A-ABE637728F52}.Debug|x64.Build.0 = Debug|x64
		{3D325EB0-EFCD-4280-BA2A-ABE637728F52}.Debug|x86.ActiveCfg = Debug|Win32
		{3D325EB0-EFCD-4280-BA2A-ABE637728F52}.Debug|x86.Build.0 = Debug|Win32
		{3D325EB0-EFCD-4280-BA2A-ABE637728F52}.Release|x64.ActiveCfg = Release|x64
		{3D325EB0-EFCD-4280-BA2A-ABE637728F52}.Release|x64.Build.0 = Release|x64
		{3D325EB0-EFCD-4280-BA2A-ABE637728F52}.Release|x86.ActiveCfg = Release|Win32
		{3D325EB0-EFCD-4280-BA2A-ABE637728F52}.Release|x86.Build.0 = Release|Win32
		{E21F4AC8-ABEE-427C-9D2A-7877110390F3}.Debug|x64.ActiveCfg = Debug|x64
		{E21F4AC8-ABEE-427C-9D2A-7877110390F3}.Debug|x64.Build.0 = Debug|x64
		{E21F4AC8-ABEE-427C-9D2A-7877110390F3}.Debug|x86.ActiveCfg = Debug|Win32
		{E21F4AC8-ABEE-427C-9D2A-7877110390F3}.Debug|x86.Build.0 = Debug|Win32
		{E21F4AC8-ABEE-427C-9D2A-7877110390F3}.Release|x64.ActiveCfg = Release|x64
		{E21F4AC8-ABEE-427C-9D2A-7877110390F3}.Release|x64.Build.0 = Release|x64
		{E21F4AC8-ABEE-427C-9D2A-7877110390F3}.Release|x86.ActiveCfg = Release|Win32
		{E21F4AC8-ABEE-427C-9D2A-7877110390F3}.Release|x86.Build.0 = Release|Win32
		{259A1802-F0BE-4F57-A737-707EDA9950B4}.Debug|x64.ActiveCfg = Debug|x64
		{259A1802-F0BE-4F57-A737-707EDA9950B4}.Debug|x64.Build.0 = Debug|x64
		{259A1802-F0BE-4F57-A737-707EDA9950B4}.Debug|x86.ActiveCfg = Debug|Win32
		{259A1802-F0BE-4F57-A737-707EDA9950B4}.Debug|x86.Build.0 = Debug|Win32
		{259A1802-F0BE-4F57-A737-707EDA9950B4}.Release|x64.ActiveCfg = Release|x64
		{259A1802-F0BE-4F57-A737-707EDA9950B4}.Release|x64.Build.0 = Release|x64
		{259A1802-F0BE-4F57-A737-707EDA9950B4}.Release|x86.ActiveCfg = Release|Win32
		{259A1802-F0BE-4F57-A737-707EDA9950B4}.Release|x86.Build.0 = Release|Win32
		{CC4DD659-3454-4356-9C2E-039E83C190CE}.Debug|x64.ActiveCfg = Debug|x64
		{CC4DD659-3454-4356-9C2E-039E83C190CE}.Debug|x64.Build.0 = Debug|x64
		{CC4DD659-3454-4356-9C2E-039E83C190CE}.Debug|x86.ActiveCfg = Debug|Win32
		{CC4DD659-3454-4356-9C2E-039E83C190CE}.Debug|x86.Build.0 = Debug|Win32
		{CC4DD659-3454-4356-9C2E-039E83C190CE}.Release|x64.ActiveCfg = Release|x64
		{CC4DD659-3454-4356-9C2E-039E83C190CE}.Release|x64.Build.0 = Release|x64
		{CC4DD659-3454-4356-9C2E-039E83C190CE}.Release|x86.ActiveCfg = Release|Win32
		{CC4DD659-3454-4356-9C2E-039E83C190CE}.Release|x86.Build.0 = Release|Win32
		{24E60517-1AFA-4361-98E9-9E47B5BBF5BD}.Debug|x64.ActiveCfg = Debug|x64
		{24E60517-1AFA-4361-98E9-9E47B5BBF5BD}.Debug|x64.Build.0 = Debug|x64
		{24E60517-1AFA-4361-98E9-9E47B5BBF5BD}.Debug|x86.ActiveCfg = Debug|Win32
		{24E60517-1AFA-4361-98E9-9E47B5BBF5BD}.Debug|x86.Build.0 = Debug|Win32
		{24E60517-1AFA-4361-98E9-9E47B5BBF5BD}.Release|x64.ActiveCfg = Release|x64
		{24E60517-1AFA-4361-98E9-9E47B5BBF5BD}.Release|x64.Build.0 = Release|x64
		{24E60517-1AFA-4361-98E9-9E47B5BBF5BD}.Release|x86.ActiveCfg = Release|Win32
		{24E60517-1AFA-4361-98E9-9E47B5BBF5BD}.Release|x86.Build.0 = Release|Win32
		{992447BA-F886-4627-87F3-85DAD3259FD1}.Debug|x64.ActiveCfg = Debug|x64
		{992447BA-F886-4627-87F3-85DAD3259FD1}.Debug|x64.Build.0 = Debug|x64
		{992447BA-F886-4627-87F3-85DAD3259FD1}.Debug|x86.ActiveCfg = Debug|Win32
		{992447BA-F886-4627-87F3-85DAD3259FD1}.Debug|x86.Build.0 = Debug|Win32
		{992447BA-F886-4627-87F3-85DAD3259FD1}.Release|x64.ActiveCfg = Release|x64
		{992447BA-F886-4627-87F3-85DAD3259FD1}.Release|x64.Build.0 = Release|x64
		{992447BA-F886-4627-87F3-85DAD3259FD1}.Release|x86.ActiveCfg = Release|Win32
		{992447BA-F886-4627-87F3-85DAD3259FD1}.Release|x86.Build.0 = Release|Win32
		{5BF49F7B-CB0F-4A5D-86C9-469DD90BCA68}.Debug|x64.ActiveCfg = Debug|x64
		{5BF49F7B-CB0F-4A5D-86C9-469DD90BCA68}.Debug|x64.Build.0 = Debug|x64
		{5BF49F7B-CB0F-4A5D-86C9-469DD90BCA68}.Debug|x86.ActiveCfg = Debug|Win32
		{5BF49F7B-CB0F-4A5D-86C9-469DD90BCA68}.Debug|x86.Build.0 = Debug|Win32
		{5BF49F7B-CB0F-4A5D-86C9-469DD90BCA68}.Release|x64.ActiveCfg = Release|x64
		{5BF49F7B-CB0F-4A5D-86C9-469DD90BCA68}.Release|x64.Build.0 = Release|x64
		{5BF49F7B-CB0F-4A5D-86C9-469DD90BCA68}.Release|x86.ActiveCfg = Release|Win32
		{5BF49F7B-CB0F-4A5D-86C9-469DD90BCA68}.Release|x86.Build.0 = Release|Win32
		{CB49BFD1-7035-406F-AEFB-161A4C23B4CA}.Debug|x64.ActiveCfg = Debug|x64
		{CB49BFD1-7035-406F-AEFB-161A4C23B4CA}.Debug|x64.Build.0 = Debug|x64
		{CB49BFD1-7035-406F-AEFB-161A4C23B4CA}.Debug|x86.ActiveCfg = Debug|Win32
		{CB49BFD1-7035-406F-AEFB-161A4C23B4CA}.Debug|x86.Build.0 = Debug|Win32
		{CB49BFD1-7035-406F-AEFB-161A4C23B4CA}.Release|x64.ActiveCfg = Release|x64
		{CB49BFD1-7035-406F-AEFB-161A4C23B4CA}.Release|x64.Build.0 = Release|x64
		{CB49BFD1-7035-406F-AEFB-161A4C23B4CA}.Release|x86.ActiveCfg = Release|Win32
		{CB49BFD1-7035-406F-AEFB-161A4C23B4CA}.Release|x86.Build.0 = Release|Win32
		{A2D40BBB-7794-48A0-893B-620EFC49C98D}.Debug|x64.ActiveCfg = Debug|x64
		{A2D40BBB-7794-48A0-893B-620EFC49C98D}.Debug|x64.Build.0 = Debug|x64
		{A2D40BBB-7794-48A0-893B-620EFC49C98D}.Debug|x86.ActiveCfg = Debug|Win32
		{A2D40BBB-7794-48A0-893B-620EFC49C98D}.Debug|x86.Build.0 = Debug|Win32
		{A2D40BBB-7794-48A0-893B-620EFC49C98D}.Release|x64.ActiveCfg = Release|x64
		{A2D40BBB-7794-48A0-893B-620EFC49C98D}.Release|x64.Build.0 = Release|x64
		{A2D40BBB-7794-48A0-893B-620EFC49C98D}.Release|x86.ActiveCfg = Release|Win32
		{A2D40BBB-7794-48A0-893B-620EFC49C98D}.Release|x86.Build.0 = Release|Win32
		{E35A24B3-2001-4617-B2D2-C9F1D4962F80}.Debug|x64.ActiveCfg = Debug|x64
		{E35A24B3-2001-4617-B2D2-C9F1D4962F80}.Debug|x64.Build.0 = Debug|x64
		{E35A24B3-2001-4617-B2D2-C9F1D4962F80}.Debug|x86.ActiveCfg = Debug|Win32
		{E35A24B3-2001-4617-B2D2-C9F1D4962F80}.Debug|x86.Build.0 = Debug|Win32
		{E35A24B3-2001-4617-B2D2-C9F1D4962F80}.Release|x64.ActiveCfg = Release|x64
		{E35A24B3-2001-4617-B2D2-C9F1D4962F80}.Release|x64.Build.0 = Release|x64
		{E35A24B3-2001-4617-B2D2-C9F1D4962F80}.Release|x86.ActiveCfg = Release|Win32
		{E35A24B3-2001-4617-B2D2-C9F1D4962F80}.Release|x86.Build.0 = Release|Win32
	EndGlobalSection
	GlobalSection(SolutionProperties) = preSolution
		HideSolutionNode = FALSE
	EndGlobalSection
	GlobalSection(NestedProjects) = preSolution
		{8C5685EE-1CC7-41D3-8C2A-3EE5ACE19A23} = {B050C8C0-793F-4592-8D26-FC40BA3D9462}
		{50C84272-C4B4-42B2-A2A6-D6A723649015} = {B050C8C0-793F-4592-8D26-FC40BA3D9462}
		{147AB6C7-5C74-488C-80E2-864F36A7D518} = {B050C8C0-793F-4592-8D26-FC40BA3D9462}
		{537BB1A6-80D0-4A8A-877A-D4A611FA5202} = {B050C8C0-793F-4592-8D26-FC40BA3D9462}
		{2236316B-4313-4B8B-8086-58CA67551F6C} = {B050C8C0-793F-4592-8D26-FC40BA3D9462}
		{E1D115EB-D0A5-44FE-985C-5DA493FB4611} = {B050C8C0-793F-4592-8D26-FC40BA3D9462}
		{4CD0CDEB-24FB-48CC-829F-21FB4CF475E0} = {B050C8C0-793F-4592-8D26-FC40BA3D9462}
		{5574666E-1533-49B0-A9D8-F98A2AA3F784} = {B050C8C0-793F-4592-8D26-FC40BA3D9462}
		{A306B32B-A615-4341-A44B-AB5DD3C5FFAF} = {B050C8C0-793F-4592-8D26-FC40BA3D9462}
		{81EC2EFC-8133-42E8-A931-034756AE1839} = {B050C8C0-793F-4592-8D26-FC40BA3D9462}
		{511ED82F-81BE-46C5-9B45-75AE36E82E57} = {B050C8C0-793F-4592-8D26-FC40BA3D9462}
		{3D325EB0-EFCD-4280-BA2A-ABE637728F52} = {B050C8C0-793F-4592-8D26-FC40BA3D9462}
		{E21F4AC8-ABEE-427C-9D2A-7877110390F3} = {B050C8C0-793F-4592-8D26-FC40BA3D9462}
		{259A1802-F0BE-4F57-A737-707EDA9950B4} = {B050C8C0-793F-4592-8D26-FC40BA3D9462}
		{CC4DD659-3454-4356-9C2E-039E83C190CE} = {B050C8C0-793F-4592-8D26-FC40BA3D9462}
		{24E60517-1AFA-4361-98E9-9E47B5BBF5BD} = {FEF27583-8085-4107-BAD2-0D43AEE10602}
		{992447BA-F886-4627-87F3-85DAD3259FD1} = {FEF27583-8085-4107-BAD2-0D43AEE10602}
		{5BF49F7B-CB0F-4A5D-86C9-469DD90BCA68} = {B050C8C0-793F-4592-8D26-FC40BA3D9462}
		{CB49BFD1-7035-406F-AEFB-161A4C23B4CA} = {B050C8C0-793F-4592-8D26-FC40BA3D9462}
		{A2D40BBB-7794-48A0-893B-620EFC49C98D} = {A834E401-8629-46BF-864D-B5B6ABA72603}
		{E35A24B3-2001-4617-B2D2-C9F1D4962F80} = {B050C8C0-793F-4592-8D26-FC40BA3D9462}
	EndGlobalSection
	GlobalSection(ExtensibilityGlobals) = postSolution
		SolutionGuid = {68D42079-1BD6-46BE-AF08-89DE15A38B2E}
	EndGlobalSection
EndGlobal
